# This file is autogenerated, do not edit; changes may be undone by the next 'dep ensure'.


[[projects]]
  branch = "master"
  digest = "1:0eee43f0b824af2cc8b8320f6d345b6ce107546f29ae41a75fdad7acc8dda5e9"
  name = "github.com/griffin-stewie/go-chatwork"
  packages = ["."]
  pruneopts = "UT"
  revision = "de7673a5e1a7368d700b70f46cc7faceb5f4d2a9"

[solve-meta]
  analyzer-name = "dep"
  analyzer-version = 1
  input-imports = ["github.com/griffin-stewie/go-chatwork"]
  solver-name = "gps-cdcl"
  solver-version = 1
