# This file is autogenerated, do not edit; changes may be undone by the next 'dep ensure'.


[[projects]]
  branch = "master"
  digest = "1:c5de889e4c4779286952c90255addd553f087fa9cac62dee1ea671efb7623076"
  name = "github.com/griffin-stewie/go-chatwork"
  packages = ["."]
  pruneopts = "UT"
  revision = "072f7abdec14d31d804cb6ba443d097a622cf6ac"

[solve-meta]
  analyzer-name = "dep"
  analyzer-version = 1
  input-imports = ["github.com/griffin-stewie/go-chatwork"]
  solver-name = "gps-cdcl"
  solver-version = 1
